
Microsoft Visual Studio Solution File, Format Version 12.00
# Visual Studio 2013
VisualStudioVersion = 12.0.31101.0
MinimumVisualStudioVersion = 10.0.40219.1
Project("{FAE04EC0-301F-11D3-BF4B-00C04F79EFBC}") = "Playground.Threading.Console", "Playground.Threading.Console\Playground.Threading.Console.csproj", "{3D2F1E01-0323-4996-A9D1-3C739362007B}"
EndProject
Project("{FAE04EC0-301F-11D3-BF4B-00C04F79EFBC}") = "Playgound.Configuration.Expansion.Dependent", "Playgound.Configuration.Expansion.Dependent\Playgound.Configuration.Expansion.Dependent.csproj", "{0248AFB7-0548-4A1F-B7E2-0102CC88F8F7}"
EndProject
Project("{FAE04EC0-301F-11D3-BF4B-00C04F79EFBC}") = "Playground.Configuration.Expansion", "Playground.Configuration.Expansion\Playground.Configuration.Expansion.csproj", "{3629E974-14CC-43E9-8666-92E6CC56336D}"
EndProject
Project("{FAE04EC0-301F-11D3-BF4B-00C04F79EFBC}") = "Playground.DependencyInjection", "Playground.DependencyInjection\Playground.DependencyInjection.csproj", "{D4010857-6D4C-43C4-AD56-9D48C635AE69}"
EndProject
Global
	GlobalSection(SolutionConfigurationPlatforms) = preSolution
		Debug|Any CPU = Debug|Any CPU
		Release|Any CPU = Release|Any CPU
	EndGlobalSection
	GlobalSection(ProjectConfigurationPlatforms) = postSolution
		{3D2F1E01-0323-4996-A9D1-3C739362007B}.Debug|Any CPU.ActiveCfg = Debug|Any CPU
		{3D2F1E01-0323-4996-A9D1-3C739362007B}.Debug|Any CPU.Build.0 = Debug|Any CPU
		{3D2F1E01-0323-4996-A9D1-3C739362007B}.Release|Any CPU.ActiveCfg = Release|Any CPU
		{3D2F1E01-0323-4996-A9D1-3C739362007B}.Release|Any CPU.Build.0 = Release|Any CPU
		{0248AFB7-0548-4A1F-B7E2-0102CC88F8F7}.Debug|Any CPU.ActiveCfg = Debug|Any CPU
		{0248AFB7-0548-4A1F-B7E2-0102CC88F8F7}.Debug|Any CPU.Build.0 = Debug|Any CPU
		{0248AFB7-0548-4A1F-B7E2-0102CC88F8F7}.Release|Any CPU.ActiveCfg = Release|Any CPU
		{0248AFB7-0548-4A1F-B7E2-0102CC88F8F7}.Release|Any CPU.Build.0 = Release|Any CPU
		{3629E974-14CC-43E9-8666-92E6CC56336D}.Debug|Any CPU.ActiveCfg = Debug|Any CPU
		{3629E974-14CC-43E9-8666-92E6CC56336D}.Debug|Any CPU.Build.0 = Debug|Any CPU
		{3629E974-14CC-43E9-8666-92E6CC56336D}.Release|Any CPU.ActiveCfg = Release|Any CPU
		{3629E974-14CC-43E9-8666-92E6CC56336D}.Release|Any CPU.Build.0 = Release|Any CPU
		{D4010857-6D4C-43C4-AD56-9D48C635AE69}.Debug|Any CPU.ActiveCfg = Debug|Any CPU
		{D4010857-6D4C-43C4-AD56-9D48C635AE69}.Debug|Any CPU.Build.0 = Debug|Any CPU
		{D4010857-6D4C-43C4-AD56-9D48C635AE69}.Release|Any CPU.ActiveCfg = Release|Any CPU
		{D4010857-6D4C-43C4-AD56-9D48C635AE69}.Release|Any CPU.Build.0 = Release|Any CPU
	EndGlobalSection
	GlobalSection(SolutionProperties) = preSolution
		HideSolutionNode = FALSE
	EndGlobalSection
EndGlobal
